// !$*UTF8*$!
{
	archiveVersion = 1;
	classes = {
	};
	objectVersion = 46;
	objects = {

/* Begin PBXBuildFile section */
		641AC2391EF1FFF600859BB4 /* AppDelegate.swift in Sources */ = {isa = PBXBuildFile; fileRef = 641AC2381EF1FFF600859BB4 /* AppDelegate.swift */; };
		641AC23B1EF1FFF600859BB4 /* ViewController.swift in Sources */ = {isa = PBXBuildFile; fileRef = 641AC23A1EF1FFF600859BB4 /* ViewController.swift */; };
		641AC23E1EF1FFF600859BB4 /* Main.storyboard in Resources */ = {isa = PBXBuildFile; fileRef = 641AC23C1EF1FFF600859BB4 /* Main.storyboard */; };
		641AC2411EF1FFF600859BB4 /* EnglishSpellingForKids.xcdatamodeld in Sources */ = {isa = PBXBuildFile; fileRef = 641AC23F1EF1FFF600859BB4 /* EnglishSpellingForKids.xcdatamodeld */; };
		641AC2431EF1FFF600859BB4 /* Assets.xcassets in Resources */ = {isa = PBXBuildFile; fileRef = 641AC2421EF1FFF600859BB4 /* Assets.xcassets */; };
		641AC2461EF1FFF600859BB4 /* LaunchScreen.storyboard in Resources */ = {isa = PBXBuildFile; fileRef = 641AC2441EF1FFF600859BB4 /* LaunchScreen.storyboard */; };
		641AC2641EF220A600859BB4 /* LetterLabel.swift in Sources */ = {isa = PBXBuildFile; fileRef = 641AC2631EF220A600859BB4 /* LetterLabel.swift */; };
		641AC2661EF2221F00859BB4 /* LetterView.swift in Sources */ = {isa = PBXBuildFile; fileRef = 641AC2651EF2221F00859BB4 /* LetterView.swift */; };
		648C54B91F0231310043EE6C /* welldone.wav in Resources */ = {isa = PBXBuildFile; fileRef = 648C54B81F0231310043EE6C /* welldone.wav */; };
		648C54BB1F05C6910043EE6C /* DataController.swift in Sources */ = {isa = PBXBuildFile; fileRef = 648C54BA1F05C6910043EE6C /* DataController.swift */; };
		648C54BF1F0DD5970043EE6C /* PPBWord.swift in Sources */ = {isa = PBXBuildFile; fileRef = 648C54BE1F0DD5970043EE6C /* PPBWord.swift */; };
		648C54C11F0DD72C0043EE6C /* PPBWordService.swift in Sources */ = {isa = PBXBuildFile; fileRef = 648C54C01F0DD72C0043EE6C /* PPBWordService.swift */; };
		648C54F41F1DE89C0043EE6C /* bat.png in Resources */ = {isa = PBXBuildFile; fileRef = 648C54DC1F1DE89C0043EE6C /* bat.png */; };
		648C54F51F1DE89C0043EE6C /* bear.png in Resources */ = {isa = PBXBuildFile; fileRef = 648C54DD1F1DE89C0043EE6C /* bear.png */; };
		648C550B1F1DE89C0043EE6C /* penguin.png in Resources */ = {isa = PBXBuildFile; fileRef = 648C54F31F1DE89C0043EE6C /* penguin.png */; };
		648C55231F2019510043EE6C /* apple.png in Resources */ = {isa = PBXBuildFile; fileRef = 648C55131F2019510043EE6C /* apple.png */; };
		648C55241F2019510043EE6C /* avocado.png in Resources */ = {isa = PBXBuildFile; fileRef = 648C55141F2019510043EE6C /* avocado.png */; };
		648C55251F2019510043EE6C /* banana.png in Resources */ = {isa = PBXBuildFile; fileRef = 648C55151F2019510043EE6C /* banana.png */; };
		648C55261F2019510043EE6C /* cherry.png in Resources */ = {isa = PBXBuildFile; fileRef = 648C55161F2019510043EE6C /* cherry.png */; };
		648C55271F2019510043EE6C /* coconut.png in Resources */ = {isa = PBXBuildFile; fileRef = 648C55171F2019510043EE6C /* coconut.png */; };
		648C55281F2019510043EE6C /* grape.png in Resources */ = {isa = PBXBuildFile; fileRef = 648C55181F2019510043EE6C /* grape.png */; };
		648C55291F2019510043EE6C /* kiwi.png in Resources */ = {isa = PBXBuildFile; fileRef = 648C55191F2019510043EE6C /* kiwi.png */; };
		648C552A1F2019510043EE6C /* lemon.png in Resources */ = {isa = PBXBuildFile; fileRef = 648C551A1F2019510043EE6C /* lemon.png */; };
		648C552B1F2019510043EE6C /* lime.png in Resources */ = {isa = PBXBuildFile; fileRef = 648C551B1F2019510043EE6C /* lime.png */; };
		648C552C1F2019510043EE6C /* orange.png in Resources */ = {isa = PBXBuildFile; fileRef = 648C551C1F2019510043EE6C /* orange.png */; };
		648C552D1F2019510043EE6C /* pear.png in Resources */ = {isa = PBXBuildFile; fileRef = 648C551D1F2019510043EE6C /* pear.png */; };
		648C552E1F2019510043EE6C /* plum.png in Resources */ = {isa = PBXBuildFile; fileRef = 648C551E1F2019510043EE6C /* plum.png */; };
		648C552F1F2019510043EE6C /* pomegranate.png in Resources */ = {isa = PBXBuildFile; fileRef = 648C551F1F2019510043EE6C /* pomegranate.png */; };
		648C55301F2019510043EE6C /* strawberry.png in Resources */ = {isa = PBXBuildFile; fileRef = 648C55201F2019510043EE6C /* strawberry.png */; };
		648C55311F2019510043EE6C /* walnut.png in Resources */ = {isa = PBXBuildFile; fileRef = 648C55211F2019510043EE6C /* walnut.png */; };
		648C55321F2019510043EE6C /* watermelon.png in Resources */ = {isa = PBXBuildFile; fileRef = 648C55221F2019510043EE6C /* watermelon.png */; };
		648C55701F203BF60043EE6C /* buffalo.png in Resources */ = {isa = PBXBuildFile; fileRef = 648C555B1F203BF50043EE6C /* buffalo.png */; };
		648C55711F203BF60043EE6C /* bulldog.png in Resources */ = {isa = PBXBuildFile; fileRef = 648C555C1F203BF50043EE6C /* bulldog.png */; };
		648C55721F203BF60043EE6C /* cat.png in Resources */ = {isa = PBXBuildFile; fileRef = 648C555D1F203BF50043EE6C /* cat.png */; };
		648C55731F203BF60043EE6C /* cheetah.png in Resources */ = {isa = PBXBuildFile; fileRef = 648C555E1F203BF50043EE6C /* cheetah.png */; };
		648C55741F203BF60043EE6C /* chicken.png in Resources */ = {isa = PBXBuildFile; fileRef = 648C555F1F203BF50043EE6C /* chicken.png */; };
		648C55751F203BF60043EE6C /* cow.png in Resources */ = {isa = PBXBuildFile; fileRef = 648C55601F203BF50043EE6C /* cow.png */; };
		648C55761F203BF60043EE6C /* crab.png in Resources */ = {isa = PBXBuildFile; fileRef = 648C55611F203BF50043EE6C /* crab.png */; };
		648C55771F203BF60043EE6C /* crocodile.png in Resources */ = {isa = PBXBuildFile; fileRef = 648C55621F203BF50043EE6C /* crocodile.png */; };
		648C55781F203BF60043EE6C /* crow.png in Resources */ = {isa = PBXBuildFile; fileRef = 648C55631F203BF50043EE6C /* crow.png */; };
		648C55791F203BF60043EE6C /* deer.png in Resources */ = {isa = PBXBuildFile; fileRef = 648C55641F203BF50043EE6C /* deer.png */; };
		648C557A1F203BF60043EE6C /* dog.png in Resources */ = {isa = PBXBuildFile; fileRef = 648C55651F203BF50043EE6C /* dog.png */; };
		648C557B1F203BF60043EE6C /* dolphin.png in Resources */ = {isa = PBXBuildFile; fileRef = 648C55661F203BF50043EE6C /* dolphin.png */; };
		648C557C1F203BF60043EE6C /* duck.png in Resources */ = {isa = PBXBuildFile; fileRef = 648C55671F203BF50043EE6C /* duck.png */; };
		648C557D1F203BF60043EE6C /* eagle.png in Resources */ = {isa = PBXBuildFile; fileRef = 648C55681F203BF50043EE6C /* eagle.png */; };
		648C557E1F203BF60043EE6C /* elephant.png in Resources */ = {isa = PBXBuildFile; fileRef = 648C55691F203BF50043EE6C /* elephant.png */; };
		648C557F1F203BF60043EE6C /* fish.png in Resources */ = {isa = PBXBuildFile; fileRef = 648C556A1F203BF50043EE6C /* fish.png */; };
		648C55801F203BF60043EE6C /* fox.png in Resources */ = {isa = PBXBuildFile; fileRef = 648C556B1F203BF50043EE6C /* fox.png */; };
		648C55811F203BF60043EE6C /* horse.png in Resources */ = {isa = PBXBuildFile; fileRef = 648C556C1F203BF50043EE6C /* horse.png */; };
		648C55821F203BF60043EE6C /* kangaroo.png in Resources */ = {isa = PBXBuildFile; fileRef = 648C556D1F203BF50043EE6C /* kangaroo.png */; };
		648C55831F203BF60043EE6C /* lion.png in Resources */ = {isa = PBXBuildFile; fileRef = 648C556E1F203BF60043EE6C /* lion.png */; };
		648C55841F203BF60043EE6C /* monkey.png in Resources */ = {isa = PBXBuildFile; fileRef = 648C556F1F203BF60043EE6C /* monkey.png */; };
		648C55911F2043D90043EE6C /* tryagain.wav in Resources */ = {isa = PBXBuildFile; fileRef = 648C55851F2043D90043EE6C /* tryagain.wav */; };
		648C55921F2043D90043EE6C /* tryagain0.gif in Resources */ = {isa = PBXBuildFile; fileRef = 648C55861F2043D90043EE6C /* tryagain0.gif */; };
		648C55931F2043D90043EE6C /* tryagain1.gif in Resources */ = {isa = PBXBuildFile; fileRef = 648C55871F2043D90043EE6C /* tryagain1.gif */; };
		648C55941F2043D90043EE6C /* tryagain2.gif in Resources */ = {isa = PBXBuildFile; fileRef = 648C55881F2043D90043EE6C /* tryagain2.gif */; };
		648C55951F2043D90043EE6C /* tryagain3.gif in Resources */ = {isa = PBXBuildFile; fileRef = 648C55891F2043D90043EE6C /* tryagain3.gif */; };
		648C55961F2043D90043EE6C /* tryagain4.gif in Resources */ = {isa = PBXBuildFile; fileRef = 648C558A1F2043D90043EE6C /* tryagain4.gif */; };
		648C55971F2043D90043EE6C /* welldone.wav in Resources */ = {isa = PBXBuildFile; fileRef = 648C558B1F2043D90043EE6C /* welldone.wav */; };
		648C55981F2043D90043EE6C /* welldone0.gif in Resources */ = {isa = PBXBuildFile; fileRef = 648C558C1F2043D90043EE6C /* welldone0.gif */; };
		648C55991F2043D90043EE6C /* welldone1.gif in Resources */ = {isa = PBXBuildFile; fileRef = 648C558D1F2043D90043EE6C /* welldone1.gif */; };
		648C559A1F2043D90043EE6C /* welldone2.gif in Resources */ = {isa = PBXBuildFile; fileRef = 648C558E1F2043D90043EE6C /* welldone2.gif */; };
		648C559B1F2043D90043EE6C /* welldone3.gif in Resources */ = {isa = PBXBuildFile; fileRef = 648C558F1F2043D90043EE6C /* welldone3.gif */; };
		648C559C1F2043D90043EE6C /* welldone4.gif in Resources */ = {isa = PBXBuildFile; fileRef = 648C55901F2043D90043EE6C /* welldone4.gif */; };
		648C55A01F204CAD0043EE6C /* drop.wav in Resources */ = {isa = PBXBuildFile; fileRef = 648C559F1F204CAD0043EE6C /* drop.wav */; };
		648C55A21F206F4D0043EE6C /* dropBack.wav in Resources */ = {isa = PBXBuildFile; fileRef = 648C55A11F206F4D0043EE6C /* dropBack.wav */; };
		64D38DB41EFC7B460092A552 /* SwiftGif.swift in Sources */ = {isa = PBXBuildFile; fileRef = 64D38DB31EFC7B460092A552 /* SwiftGif.swift */; };
		64D38DC01EFCA9D70092A552 /* ResultService.swift in Sources */ = {isa = PBXBuildFile; fileRef = 64D38DBF1EFCA9D70092A552 /* ResultService.swift */; };
		64E0968D1EFB84AF00DF38E3 /* DragContext.swift in Sources */ = {isa = PBXBuildFile; fileRef = 64E0968C1EFB84AE00DF38E3 /* DragContext.swift */; };
		64E0968F1EFBF15200DF38E3 /* ResultViewController.swift in Sources */ = {isa = PBXBuildFile; fileRef = 64E0968E1EFBF15200DF38E3 /* ResultViewController.swift */; };
/* End PBXBuildFile section */

/* Begin PBXFileReference section */
		641AC2351EF1FFF600859BB4 /* EnglishSpellingForKids.app */ = {isa = PBXFileReference; explicitFileType = wrapper.application; includeInIndex = 0; path = EnglishSpellingForKids.app; sourceTree = BUILT_PRODUCTS_DIR; };
		641AC2381EF1FFF600859BB4 /* AppDelegate.swift */ = {isa = PBXFileReference; lastKnownFileType = sourcecode.swift; path = AppDelegate.swift; sourceTree = "<group>"; };
		641AC23A1EF1FFF600859BB4 /* ViewController.swift */ = {isa = PBXFileReference; lastKnownFileType = sourcecode.swift; path = ViewController.swift; sourceTree = "<group>"; };
		641AC23D1EF1FFF600859BB4 /* Base */ = {isa = PBXFileReference; lastKnownFileType = file.storyboard; name = Base; path = Base.lproj/Main.storyboard; sourceTree = "<group>"; };
		641AC2401EF1FFF600859BB4 /* EnglishSpellingForKids.xcdatamodel */ = {isa = PBXFileReference; lastKnownFileType = wrapper.xcdatamodel; path = EnglishSpellingForKids.xcdatamodel; sourceTree = "<group>"; };
		641AC2421EF1FFF600859BB4 /* Assets.xcassets */ = {isa = PBXFileReference; lastKnownFileType = folder.assetcatalog; path = Assets.xcassets; sourceTree = "<group>"; };
		641AC2451EF1FFF600859BB4 /* Base */ = {isa = PBXFileReference; lastKnownFileType = file.storyboard; name = Base; path = Base.lproj/LaunchScreen.storyboard; sourceTree = "<group>"; };
		641AC2471EF1FFF600859BB4 /* Info.plist */ = {isa = PBXFileReference; lastKnownFileType = text.plist.xml; path = Info.plist; sourceTree = "<group>"; };
		641AC2631EF220A600859BB4 /* LetterLabel.swift */ = {isa = PBXFileReference; fileEncoding = 4; lastKnownFileType = sourcecode.swift; name = LetterLabel.swift; path = view/LetterLabel.swift; sourceTree = "<group>"; };
		641AC2651EF2221F00859BB4 /* LetterView.swift */ = {isa = PBXFileReference; fileEncoding = 4; lastKnownFileType = sourcecode.swift; name = LetterView.swift; path = view/LetterView.swift; sourceTree = "<group>"; };
		648C54B81F0231310043EE6C /* welldone.wav */ = {isa = PBXFileReference; lastKnownFileType = audio.wav; name = welldone.wav; path = sounds/welldone.wav; sourceTree = "<group>"; };
		648C54BA1F05C6910043EE6C /* DataController.swift */ = {isa = PBXFileReference; fileEncoding = 4; lastKnownFileType = sourcecode.swift; name = DataController.swift; path = model/DataController.swift; sourceTree = "<group>"; };
		648C54BE1F0DD5970043EE6C /* PPBWord.swift */ = {isa = PBXFileReference; fileEncoding = 4; lastKnownFileType = sourcecode.swift; name = PPBWord.swift; path = model/PPBWord.swift; sourceTree = "<group>"; };
		648C54C01F0DD72C0043EE6C /* PPBWordService.swift */ = {isa = PBXFileReference; fileEncoding = 4; lastKnownFileType = sourcecode.swift; name = PPBWordService.swift; path = model/PPBWordService.swift; sourceTree = "<group>"; };
		648C54DC1F1DE89C0043EE6C /* bat.png */ = {isa = PBXFileReference; lastKnownFileType = image.png; name = bat.png; path = images/animal/bat.png; sourceTree = "<group>"; };
		648C54DD1F1DE89C0043EE6C /* bear.png */ = {isa = PBXFileReference; lastKnownFileType = image.png; name = bear.png; path = images/animal/bear.png; sourceTree = "<group>"; };
		648C54F31F1DE89C0043EE6C /* penguin.png */ = {isa = PBXFileReference; lastKnownFileType = image.png; name = penguin.png; path = images/animal/penguin.png; sourceTree = "<group>"; };
		648C55131F2019510043EE6C /* apple.png */ = {isa = PBXFileReference; lastKnownFileType = image.png; name = apple.png; path = images/fruit/apple.png; sourceTree = "<group>"; };
		648C55141F2019510043EE6C /* avocado.png */ = {isa = PBXFileReference; lastKnownFileType = image.png; name = avocado.png; path = images/fruit/avocado.png; sourceTree = "<group>"; };
		648C55151F2019510043EE6C /* banana.png */ = {isa = PBXFileReference; lastKnownFileType = image.png; name = banana.png; path = images/fruit/banana.png; sourceTree = "<group>"; };
		648C55161F2019510043EE6C /* cherry.png */ = {isa = PBXFileReference; lastKnownFileType = image.png; name = cherry.png; path = images/fruit/cherry.png; sourceTree = "<group>"; };
		648C55171F2019510043EE6C /* coconut.png */ = {isa = PBXFileReference; lastKnownFileType = image.png; name = coconut.png; path = images/fruit/coconut.png; sourceTree = "<group>"; };
		648C55181F2019510043EE6C /* grape.png */ = {isa = PBXFileReference; lastKnownFileType = image.png; name = grape.png; path = images/fruit/grape.png; sourceTree = "<group>"; };
		648C55191F2019510043EE6C /* kiwi.png */ = {isa = PBXFileReference; lastKnownFileType = image.png; name = kiwi.png; path = images/fruit/kiwi.png; sourceTree = "<group>"; };
		648C551A1F2019510043EE6C /* lemon.png */ = {isa = PBXFileReference; lastKnownFileType = image.png; name = lemon.png; path = images/fruit/lemon.png; sourceTree = "<group>"; };
		648C551B1F2019510043EE6C /* lime.png */ = {isa = PBXFileReference; lastKnownFileType = image.png; name = lime.png; path = images/fruit/lime.png; sourceTree = "<group>"; };
		648C551C1F2019510043EE6C /* orange.png */ = {isa = PBXFileReference; lastKnownFileType = image.png; name = orange.png; path = images/fruit/orange.png; sourceTree = "<group>"; };
		648C551D1F2019510043EE6C /* pear.png */ = {isa = PBXFileReference; lastKnownFileType = image.png; name = pear.png; path = images/fruit/pear.png; sourceTree = "<group>"; };
		648C551E1F2019510043EE6C /* plum.png */ = {isa = PBXFileReference; lastKnownFileType = image.png; name = plum.png; path = images/fruit/plum.png; sourceTree = "<group>"; };
		648C551F1F2019510043EE6C /* pomegranate.png */ = {isa = PBXFileReference; lastKnownFileType = image.png; name = pomegranate.png; path = images/fruit/pomegranate.png; sourceTree = "<group>"; };
		648C55201F2019510043EE6C /* strawberry.png */ = {isa = PBXFileReference; lastKnownFileType = image.png; name = strawberry.png; path = images/fruit/strawberry.png; sourceTree = "<group>"; };
		648C55211F2019510043EE6C /* walnut.png */ = {isa = PBXFileReference; lastKnownFileType = image.png; name = walnut.png; path = images/fruit/walnut.png; sourceTree = "<group>"; };
		648C55221F2019510043EE6C /* watermelon.png */ = {isa = PBXFileReference; lastKnownFileType = image.png; name = watermelon.png; path = images/fruit/watermelon.png; sourceTree = "<group>"; };
		648C555B1F203BF50043EE6C /* buffalo.png */ = {isa = PBXFileReference; lastKnownFileType = image.png; name = buffalo.png; path = images/animal/buffalo.png; sourceTree = "<group>"; };
		648C555C1F203BF50043EE6C /* bulldog.png */ = {isa = PBXFileReference; lastKnownFileType = image.png; name = bulldog.png; path = images/animal/bulldog.png; sourceTree = "<group>"; };
		648C555D1F203BF50043EE6C /* cat.png */ = {isa = PBXFileReference; lastKnownFileType = image.png; name = cat.png; path = images/animal/cat.png; sourceTree = "<group>"; };
		648C555E1F203BF50043EE6C /* cheetah.png */ = {isa = PBXFileReference; lastKnownFileType = image.png; name = cheetah.png; path = images/animal/cheetah.png; sourceTree = "<group>"; };
		648C555F1F203BF50043EE6C /* chicken.png */ = {isa = PBXFileReference; lastKnownFileType = image.png; name = chicken.png; path = images/animal/chicken.png; sourceTree = "<group>"; };
		648C55601F203BF50043EE6C /* cow.png */ = {isa = PBXFileReference; lastKnownFileType = image.png; name = cow.png; path = images/animal/cow.png; sourceTree = "<group>"; };
		648C55611F203BF50043EE6C /* crab.png */ = {isa = PBXFileReference; lastKnownFileType = image.png; name = crab.png; path = images/animal/crab.png; sourceTree = "<group>"; };
		648C55621F203BF50043EE6C /* crocodile.png */ = {isa = PBXFileReference; lastKnownFileType = image.png; name = crocodile.png; path = images/animal/crocodile.png; sourceTree = "<group>"; };
		648C55631F203BF50043EE6C /* crow.png */ = {isa = PBXFileReference; lastKnownFileType = image.png; name = crow.png; path = images/animal/crow.png; sourceTree = "<group>"; };
		648C55641F203BF50043EE6C /* deer.png */ = {isa = PBXFileReference; lastKnownFileType = image.png; name = deer.png; path = images/animal/deer.png; sourceTree = "<group>"; };
		648C55651F203BF50043EE6C /* dog.png */ = {isa = PBXFileReference; lastKnownFileType = image.png; name = dog.png; path = images/animal/dog.png; sourceTree = "<group>"; };
		648C55661F203BF50043EE6C /* dolphin.png */ = {isa = PBXFileReference; lastKnownFileType = image.png; name = dolphin.png; path = images/animal/dolphin.png; sourceTree = "<group>"; };
		648C55671F203BF50043EE6C /* duck.png */ = {isa = PBXFileReference; lastKnownFileType = image.png; name = duck.png; path = images/animal/duck.png; sourceTree = "<group>"; };
		648C55681F203BF50043EE6C /* eagle.png */ = {isa = PBXFileReference; lastKnownFileType = image.png; name = eagle.png; path = images/animal/eagle.png; sourceTree = "<group>"; };
		648C55691F203BF50043EE6C /* elephant.png */ = {isa = PBXFileReference; lastKnownFileType = image.png; name = elephant.png; path = images/animal/elephant.png; sourceTree = "<group>"; };
		648C556A1F203BF50043EE6C /* fish.png */ = {isa = PBXFileReference; lastKnownFileType = image.png; name = fish.png; path = images/animal/fish.png; sourceTree = "<group>"; };
		648C556B1F203BF50043EE6C /* fox.png */ = {isa = PBXFileReference; lastKnownFileType = image.png; name = fox.png; path = images/animal/fox.png; sourceTree = "<group>"; };
		648C556C1F203BF50043EE6C /* horse.png */ = {isa = PBXFileReference; lastKnownFileType = image.png; name = horse.png; path = images/animal/horse.png; sourceTree = "<group>"; };
		648C556D1F203BF50043EE6C /* kangaroo.png */ = {isa = PBXFileReference; lastKnownFileType = image.png; name = kangaroo.png; path = images/animal/kangaroo.png; sourceTree = "<group>"; };
		648C556E1F203BF60043EE6C /* lion.png */ = {isa = PBXFileReference; lastKnownFileType = image.png; name = lion.png; path = images/animal/lion.png; sourceTree = "<group>"; };
		648C556F1F203BF60043EE6C /* monkey.png */ = {isa = PBXFileReference; lastKnownFileType = image.png; name = monkey.png; path = images/animal/monkey.png; sourceTree = "<group>"; };
		648C55851F2043D90043EE6C /* tryagain.wav */ = {isa = PBXFileReference; lastKnownFileType = audio.wav; name = tryagain.wav; path = images/result/tryagain.wav; sourceTree = "<group>"; };
		648C55861F2043D90043EE6C /* tryagain0.gif */ = {isa = PBXFileReference; lastKnownFileType = image.gif; name = tryagain0.gif; path = images/result/tryagain0.gif; sourceTree = "<group>"; };
		648C55871F2043D90043EE6C /* tryagain1.gif */ = {isa = PBXFileReference; lastKnownFileType = image.gif; name = tryagain1.gif; path = images/result/tryagain1.gif; sourceTree = "<group>"; };
		648C55881F2043D90043EE6C /* tryagain2.gif */ = {isa = PBXFileReference; lastKnownFileType = image.gif; name = tryagain2.gif; path = images/result/tryagain2.gif; sourceTree = "<group>"; };
		648C55891F2043D90043EE6C /* tryagain3.gif */ = {isa = PBXFileReference; lastKnownFileType = image.gif; name = tryagain3.gif; path = images/result/tryagain3.gif; sourceTree = "<group>"; };
		648C558A1F2043D90043EE6C /* tryagain4.gif */ = {isa = PBXFileReference; lastKnownFileType = image.gif; name = tryagain4.gif; path = images/result/tryagain4.gif; sourceTree = "<group>"; };
		648C558B1F2043D90043EE6C /* welldone.wav */ = {isa = PBXFileReference; lastKnownFileType = audio.wav; name = welldone.wav; path = images/result/welldone.wav; sourceTree = "<group>"; };
		648C558C1F2043D90043EE6C /* welldone0.gif */ = {isa = PBXFileReference; lastKnownFileType = image.gif; name = welldone0.gif; path = images/result/welldone0.gif; sourceTree = "<group>"; };
		648C558D1F2043D90043EE6C /* welldone1.gif */ = {isa = PBXFileReference; lastKnownFileType = image.gif; name = welldone1.gif; path = images/result/welldone1.gif; sourceTree = "<group>"; };
		648C558E1F2043D90043EE6C /* welldone2.gif */ = {isa = PBXFileReference; lastKnownFileType = image.gif; name = welldone2.gif; path = images/result/welldone2.gif; sourceTree = "<group>"; };
		648C558F1F2043D90043EE6C /* welldone3.gif */ = {isa = PBXFileReference; lastKnownFileType = image.gif; name = welldone3.gif; path = images/result/welldone3.gif; sourceTree = "<group>"; };
		648C55901F2043D90043EE6C /* welldone4.gif */ = {isa = PBXFileReference; lastKnownFileType = image.gif; name = welldone4.gif; path = images/result/welldone4.gif; sourceTree = "<group>"; };
		648C559F1F204CAD0043EE6C /* drop.wav */ = {isa = PBXFileReference; lastKnownFileType = audio.wav; name = drop.wav; path = images/result/drop.wav; sourceTree = "<group>"; };
		648C55A11F206F4D0043EE6C /* dropBack.wav */ = {isa = PBXFileReference; lastKnownFileType = audio.wav; name = dropBack.wav; path = images/result/dropBack.wav; sourceTree = "<group>"; };
		64D38DB31EFC7B460092A552 /* SwiftGif.swift */ = {isa = PBXFileReference; fileEncoding = 4; lastKnownFileType = sourcecode.swift; name = SwiftGif.swift; path = view/SwiftGif.swift; sourceTree = "<group>"; };
		64D38DBF1EFCA9D70092A552 /* ResultService.swift */ = {isa = PBXFileReference; fileEncoding = 4; lastKnownFileType = sourcecode.swift; name = ResultService.swift; path = model/ResultService.swift; sourceTree = "<group>"; };
		64E0968C1EFB84AE00DF38E3 /* DragContext.swift */ = {isa = PBXFileReference; fileEncoding = 4; lastKnownFileType = sourcecode.swift; path = DragContext.swift; sourceTree = "<group>"; };
		64E0968E1EFBF15200DF38E3 /* ResultViewController.swift */ = {isa = PBXFileReference; fileEncoding = 4; lastKnownFileType = sourcecode.swift; name = ResultViewController.swift; path = controller/ResultViewController.swift; sourceTree = "<group>"; };
/* End PBXFileReference section */

/* Begin PBXFrameworksBuildPhase section */
		641AC2321EF1FFF600859BB4 /* Frameworks */ = {
			isa = PBXFrameworksBuildPhase;
			buildActionMask = 2147483647;
			files = (
			);
			runOnlyForDeploymentPostprocessing = 0;
		};
/* End PBXFrameworksBuildPhase section */

/* Begin PBXGroup section */
		641AC22C1EF1FFF600859BB4 = {
			isa = PBXGroup;
			children = (
				641AC2371EF1FFF600859BB4 /* EnglishSpellingForKids */,
				641AC2361EF1FFF600859BB4 /* Products */,
			);
			sourceTree = "<group>";
		};
		641AC2361EF1FFF600859BB4 /* Products */ = {
			isa = PBXGroup;
			children = (
				641AC2351EF1FFF600859BB4 /* EnglishSpellingForKids.app */,
			);
			name = Products;
			sourceTree = "<group>";
		};
		641AC2371EF1FFF600859BB4 /* EnglishSpellingForKids */ = {
			isa = PBXGroup;
			children = (
				648C54B71F02311A0043EE6C /* sounds */,
				641AC2601EF2201900859BB4 /* model */,
				641AC25F1EF2200D00859BB4 /* controller */,
				641AC25E1EF2200400859BB4 /* view */,
				641AC2551EF213FA00859BB4 /* images */,
				641AC2381EF1FFF600859BB4 /* AppDelegate.swift */,
				641AC23C1EF1FFF600859BB4 /* Main.storyboard */,
				641AC2421EF1FFF600859BB4 /* Assets.xcassets */,
				641AC2441EF1FFF600859BB4 /* LaunchScreen.storyboard */,
				641AC2471EF1FFF600859BB4 /* Info.plist */,
				641AC23F1EF1FFF600859BB4 /* EnglishSpellingForKids.xcdatamodeld */,
			);
			path = EnglishSpellingForKids;
			sourceTree = "<group>";
		};
		641AC2551EF213FA00859BB4 /* images */ = {
			isa = PBXGroup;
			children = (
				648C550C1F1F38480043EE6C /* result */,
				648C54DB1F1DD9A10043EE6C /* animal */,
				648C54DA1F1DD8890043EE6C /* fruit */,
			);
			name = images;
			sourceTree = "<group>";
		};
		641AC25E1EF2200400859BB4 /* view */ = {
			isa = PBXGroup;
			children = (
				641AC2631EF220A600859BB4 /* LetterLabel.swift */,
				641AC2651EF2221F00859BB4 /* LetterView.swift */,
				64D38DB31EFC7B460092A552 /* SwiftGif.swift */,
			);
			name = view;
			sourceTree = "<group>";
		};
		641AC25F1EF2200D00859BB4 /* controller */ = {
			isa = PBXGroup;
			children = (
				641AC23A1EF1FFF600859BB4 /* ViewController.swift */,
				64E0968E1EFBF15200DF38E3 /* ResultViewController.swift */,
			);
			name = controller;
			sourceTree = "<group>";
		};
		641AC2601EF2201900859BB4 /* model */ = {
			isa = PBXGroup;
			children = (
				648C54C01F0DD72C0043EE6C /* PPBWordService.swift */,
				648C54BE1F0DD5970043EE6C /* PPBWord.swift */,
				64E0968C1EFB84AE00DF38E3 /* DragContext.swift */,
				64D38DBF1EFCA9D70092A552 /* ResultService.swift */,
				648C54BA1F05C6910043EE6C /* DataController.swift */,
			);
			name = model;
			sourceTree = "<group>";
		};
		648C54B71F02311A0043EE6C /* sounds */ = {
			isa = PBXGroup;
			children = (
				648C54B81F0231310043EE6C /* welldone.wav */,
			);
			name = sounds;
			sourceTree = "<group>";
		};
		648C54DA1F1DD8890043EE6C /* fruit */ = {
			isa = PBXGroup;
			children = (
				648C55131F2019510043EE6C /* apple.png */,
				648C55141F2019510043EE6C /* avocado.png */,
				648C55151F2019510043EE6C /* banana.png */,
				648C55161F2019510043EE6C /* cherry.png */,
				648C55171F2019510043EE6C /* coconut.png */,
				648C55181F2019510043EE6C /* grape.png */,
				648C55191F2019510043EE6C /* kiwi.png */,
				648C551A1F2019510043EE6C /* lemon.png */,
				648C551B1F2019510043EE6C /* lime.png */,
				648C551C1F2019510043EE6C /* orange.png */,
				648C551D1F2019510043EE6C /* pear.png */,
				648C551E1F2019510043EE6C /* plum.png */,
				648C551F1F2019510043EE6C /* pomegranate.png */,
				648C55201F2019510043EE6C /* strawberry.png */,
				648C55211F2019510043EE6C /* walnut.png */,
				648C55221F2019510043EE6C /* watermelon.png */,
			);
			name = fruit;
			sourceTree = "<group>";
		};
		648C54DB1F1DD9A10043EE6C /* animal */ = {
			isa = PBXGroup;
			children = (
				648C555B1F203BF50043EE6C /* buffalo.png */,
				648C555C1F203BF50043EE6C /* bulldog.png */,
				648C555D1F203BF50043EE6C /* cat.png */,
				648C555E1F203BF50043EE6C /* cheetah.png */,
				648C555F1F203BF50043EE6C /* chicken.png */,
				648C55601F203BF50043EE6C /* cow.png */,
				648C55611F203BF50043EE6C /* crab.png */,
				648C55621F203BF50043EE6C /* crocodile.png */,
				648C55631F203BF50043EE6C /* crow.png */,
				648C55641F203BF50043EE6C /* deer.png */,
				648C55651F203BF50043EE6C /* dog.png */,
				648C55661F203BF50043EE6C /* dolphin.png */,
				648C55671F203BF50043EE6C /* duck.png */,
				648C55681F203BF50043EE6C /* eagle.png */,
				648C55691F203BF50043EE6C /* elephant.png */,
				648C556A1F203BF50043EE6C /* fish.png */,
				648C556B1F203BF50043EE6C /* fox.png */,
				648C556C1F203BF50043EE6C /* horse.png */,
				648C556D1F203BF50043EE6C /* kangaroo.png */,
				648C556E1F203BF60043EE6C /* lion.png */,
				648C556F1F203BF60043EE6C /* monkey.png */,
				648C54DC1F1DE89C0043EE6C /* bat.png */,
				648C54DD1F1DE89C0043EE6C /* bear.png */,
				648C54F31F1DE89C0043EE6C /* penguin.png */,
			);
			name = animal;
			sourceTree = "<group>";
		};
		648C550C1F1F38480043EE6C /* result */ = {
			isa = PBXGroup;
			children = (
				648C55A11F206F4D0043EE6C /* dropBack.wav */,
				648C559F1F204CAD0043EE6C /* drop.wav */,
				648C55851F2043D90043EE6C /* tryagain.wav */,
				648C55861F2043D90043EE6C /* tryagain0.gif */,
				648C55871F2043D90043EE6C /* tryagain1.gif */,
				648C55881F2043D90043EE6C /* tryagain2.gif */,
				648C55891F2043D90043EE6C /* tryagain3.gif */,
				648C558A1F2043D90043EE6C /* tryagain4.gif */,
				648C558B1F2043D90043EE6C /* welldone.wav */,
				648C558C1F2043D90043EE6C /* welldone0.gif */,
				648C558D1F2043D90043EE6C /* welldone1.gif */,
				648C558E1F2043D90043EE6C /* welldone2.gif */,
				648C558F1F2043D90043EE6C /* welldone3.gif */,
				648C55901F2043D90043EE6C /* welldone4.gif */,
			);
			name = result;
			sourceTree = "<group>";
		};
/* End PBXGroup section */

/* Begin PBXNativeTarget section */
		641AC2341EF1FFF600859BB4 /* EnglishSpellingForKids */ = {
			isa = PBXNativeTarget;
			buildConfigurationList = 641AC24A1EF1FFF600859BB4 /* Build configuration list for PBXNativeTarget "EnglishSpellingForKids" */;
			buildPhases = (
				641AC2311EF1FFF600859BB4 /* Sources */,
				641AC2321EF1FFF600859BB4 /* Frameworks */,
				641AC2331EF1FFF600859BB4 /* Resources */,
			);
			buildRules = (
			);
			dependencies = (
			);
			name = EnglishSpellingForKids;
			productName = EnglishSpellingForKids;
			productReference = 641AC2351EF1FFF600859BB4 /* EnglishSpellingForKids.app */;
			productType = "com.apple.product-type.application";
		};
/* End PBXNativeTarget section */

/* Begin PBXProject section */
		641AC22D1EF1FFF600859BB4 /* Project object */ = {
			isa = PBXProject;
			attributes = {
				LastSwiftUpdateCheck = 0820;
				LastUpgradeCheck = 0820;
				ORGANIZATIONNAME = ppben;
				TargetAttributes = {
					641AC2341EF1FFF600859BB4 = {
						CreatedOnToolsVersion = 8.2.1;
						DevelopmentTeam = 4JKMHZJJZP;
						ProvisioningStyle = Automatic;
					};
				};
			};
			buildConfigurationList = 641AC2301EF1FFF600859BB4 /* Build configuration list for PBXProject "EnglishSpellingForKids" */;
			compatibilityVersion = "Xcode 3.2";
			developmentRegion = English;
			hasScannedForEncodings = 0;
			knownRegions = (
				en,
				Base,
			);
			mainGroup = 641AC22C1EF1FFF600859BB4;
			productRefGroup = 641AC2361EF1FFF600859BB4 /* Products */;
			projectDirPath = "";
			projectRoot = "";
			targets = (
				641AC2341EF1FFF600859BB4 /* EnglishSpellingForKids */,
			);
		};
/* End PBXProject section */

/* Begin PBXResourcesBuildPhase section */
		641AC2331EF1FFF600859BB4 /* Resources */ = {
			isa = PBXResourcesBuildPhase;
			buildActionMask = 2147483647;
			files = (
				648C55271F2019510043EE6C /* coconut.png in Resources */,
				648C55741F203BF60043EE6C /* chicken.png in Resources */,
				648C559B1F2043D90043EE6C /* welldone3.gif in Resources */,
				648C557C1F203BF60043EE6C /* duck.png in Resources */,
				648C55731F203BF60043EE6C /* cheetah.png in Resources */,
				648C55801F203BF60043EE6C /* fox.png in Resources */,
				648C55751F203BF60043EE6C /* cow.png in Resources */,
				648C55811F203BF60043EE6C /* horse.png in Resources */,
				648C552E1F2019510043EE6C /* plum.png in Resources */,
				648C55961F2043D90043EE6C /* tryagain4.gif in Resources */,
				648C557D1F203BF60043EE6C /* eagle.png in Resources */,
				648C55781F203BF60043EE6C /* crow.png in Resources */,
				648C55301F2019510043EE6C /* strawberry.png in Resources */,
				648C55931F2043D90043EE6C /* tryagain1.gif in Resources */,
				648C557A1F203BF60043EE6C /* dog.png in Resources */,
				648C55841F203BF60043EE6C /* monkey.png in Resources */,
				641AC2461EF1FFF600859BB4 /* LaunchScreen.storyboard in Resources */,
				648C55281F2019510043EE6C /* grape.png in Resources */,
				648C55821F203BF60043EE6C /* kangaroo.png in Resources */,
				648C552C1F2019510043EE6C /* orange.png in Resources */,
				648C55941F2043D90043EE6C /* tryagain2.gif in Resources */,
				648C552B1F2019510043EE6C /* lime.png in Resources */,
				648C55921F2043D90043EE6C /* tryagain0.gif in Resources */,
				648C55711F203BF60043EE6C /* bulldog.png in Resources */,
				648C559A1F2043D90043EE6C /* welldone2.gif in Resources */,
				648C55981F2043D90043EE6C /* welldone0.gif in Resources */,
				648C55791F203BF60043EE6C /* deer.png in Resources */,
				641AC2431EF1FFF600859BB4 /* Assets.xcassets in Resources */,
				648C55251F2019510043EE6C /* banana.png in Resources */,
				648C552A1F2019510043EE6C /* lemon.png in Resources */,
				648C55701F203BF60043EE6C /* buffalo.png in Resources */,
				648C55261F2019510043EE6C /* cherry.png in Resources */,
				648C557B1F203BF60043EE6C /* dolphin.png in Resources */,
				648C55321F2019510043EE6C /* watermelon.png in Resources */,
				648C55311F2019510043EE6C /* walnut.png in Resources */,
				648C55831F203BF60043EE6C /* lion.png in Resources */,
				648C552F1F2019510043EE6C /* pomegranate.png in Resources */,
				648C54F41F1DE89C0043EE6C /* bat.png in Resources */,
				648C55911F2043D90043EE6C /* tryagain.wav in Resources */,
				648C559C1F2043D90043EE6C /* welldone4.gif in Resources */,
				648C55A21F206F4D0043EE6C /* dropBack.wav in Resources */,
				648C557E1F203BF60043EE6C /* elephant.png in Resources */,
				648C55761F203BF60043EE6C /* crab.png in Resources */,
				648C54F51F1DE89C0043EE6C /* bear.png in Resources */,
				648C55951F2043D90043EE6C /* tryagain3.gif in Resources */,
				648C55291F2019510043EE6C /* kiwi.png in Resources */,
				648C55721F203BF60043EE6C /* cat.png in Resources */,
				648C550B1F1DE89C0043EE6C /* penguin.png in Resources */,
				641AC23E1EF1FFF600859BB4 /* Main.storyboard in Resources */,
				648C55A01F204CAD0043EE6C /* drop.wav in Resources */,
				648C557F1F203BF60043EE6C /* fish.png in Resources */,
				648C54B91F0231310043EE6C /* welldone.wav in Resources */,
				648C55231F2019510043EE6C /* apple.png in Resources */,
				648C55241F2019510043EE6C /* avocado.png in Resources */,
				648C552D1F2019510043EE6C /* pear.png in Resources */,
				648C55971F2043D90043EE6C /* welldone.wav in Resources */,
				648C55771F203BF60043EE6C /* crocodile.png in Resources */,
				648C55991F2043D90043EE6C /* welldone1.gif in Resources */,
			);
			runOnlyForDeploymentPostprocessing = 0;
		};
/* End PBXResourcesBuildPhase section */

/* Begin PBXSourcesBuildPhase section */
		641AC2311EF1FFF600859BB4 /* Sources */ = {
			isa = PBXSourcesBuildPhase;
			buildActionMask = 2147483647;
			files = (
				64D38DC01EFCA9D70092A552 /* ResultService.swift in Sources */,
				648C54BF1F0DD5970043EE6C /* PPBWord.swift in Sources */,
				648C54C11F0DD72C0043EE6C /* PPBWordService.swift in Sources */,
				648C54BB1F05C6910043EE6C /* DataController.swift in Sources */,
				641AC2641EF220A600859BB4 /* LetterLabel.swift in Sources */,
				64E0968D1EFB84AF00DF38E3 /* DragContext.swift in Sources */,
				64E0968F1EFBF15200DF38E3 /* ResultViewController.swift in Sources */,
				641AC23B1EF1FFF600859BB4 /* ViewController.swift in Sources */,
				64D38DB41EFC7B460092A552 /* SwiftGif.swift in Sources */,
				641AC2391EF1FFF600859BB4 /* AppDelegate.swift in Sources */,
				641AC2661EF2221F00859BB4 /* LetterView.swift in Sources */,
				641AC2411EF1FFF600859BB4 /* EnglishSpellingForKids.xcdatamodeld in Sources */,
			);
			runOnlyForDeploymentPostprocessing = 0;
		};
/* End PBXSourcesBuildPhase section */

/* Begin PBXVariantGroup section */
		641AC23C1EF1FFF600859BB4 /* Main.storyboard */ = {
			isa = PBXVariantGroup;
			children = (
				641AC23D1EF1FFF600859BB4 /* Base */,
			);
			name = Main.storyboard;
			sourceTree = "<group>";
		};
		641AC2441EF1FFF600859BB4 /* LaunchScreen.storyboard */ = {
			isa = PBXVariantGroup;
			children = (
				641AC2451EF1FFF600859BB4 /* Base */,
			);
			name = LaunchScreen.storyboard;
			sourceTree = "<group>";
		};
/* End PBXVariantGroup section */

/* Begin XCBuildConfiguration section */
		641AC2481EF1FFF600859BB4 /* Debug */ = {
			isa = XCBuildConfiguration;
			buildSettings = {
				ALWAYS_SEARCH_USER_PATHS = NO;
				CLANG_ANALYZER_NONNULL = YES;
				CLANG_CXX_LANGUAGE_STANDARD = "gnu++0x";
				CLANG_CXX_LIBRARY = "libc++";
				CLANG_ENABLE_MODULES = YES;
				CLANG_ENABLE_OBJC_ARC = YES;
				CLANG_WARN_BOOL_CONVERSION = YES;
				CLANG_WARN_CONSTANT_CONVERSION = YES;
				CLANG_WARN_DIRECT_OBJC_ISA_USAGE = YES_ERROR;
				CLANG_WARN_DOCUMENTATION_COMMENTS = YES;
				CLANG_WARN_EMPTY_BODY = YES;
				CLANG_WARN_ENUM_CONVERSION = YES;
				CLANG_WARN_INFINITE_RECURSION = YES;
				CLANG_WARN_INT_CONVERSION = YES;
				CLANG_WARN_OBJC_ROOT_CLASS = YES_ERROR;
				CLANG_WARN_SUSPICIOUS_MOVE = YES;
				CLANG_WARN_UNREACHABLE_CODE = YES;
				CLANG_WARN__DUPLICATE_METHOD_MATCH = YES;
				"CODE_SIGN_IDENTITY[sdk=iphoneos*]" = "iPhone Developer";
				COPY_PHASE_STRIP = NO;
				DEBUG_INFORMATION_FORMAT = dwarf;
				ENABLE_STRICT_OBJC_MSGSEND = YES;
				ENABLE_TESTABILITY = YES;
				GCC_C_LANGUAGE_STANDARD = gnu99;
				GCC_DYNAMIC_NO_PIC = NO;
				GCC_NO_COMMON_BLOCKS = YES;
				GCC_OPTIMIZATION_LEVEL = 0;
				GCC_PREPROCESSOR_DEFINITIONS = (
					"DEBUG=1",
					"$(inherited)",
				);
				GCC_WARN_64_TO_32_BIT_CONVERSION = YES;
				GCC_WARN_ABOUT_RETURN_TYPE = YES_ERROR;
				GCC_WARN_UNDECLARED_SELECTOR = YES;
				GCC_WARN_UNINITIALIZED_AUTOS = YES_AGGRESSIVE;
				GCC_WARN_UNUSED_FUNCTION = YES;
				GCC_WARN_UNUSED_VARIABLE = YES;
				IPHONEOS_DEPLOYMENT_TARGET = 10.2;
				MTL_ENABLE_DEBUG_INFO = YES;
				ONLY_ACTIVE_ARCH = YES;
				SDKROOT = iphoneos;
				SWIFT_ACTIVE_COMPILATION_CONDITIONS = DEBUG;
				SWIFT_OPTIMIZATION_LEVEL = "-Onone";
				TARGETED_DEVICE_FAMILY = "1,2";
			};
			name = Debug;
		};
		641AC2491EF1FFF600859BB4 /* Release */ = {
			isa = XCBuildConfiguration;
			buildSettings = {
				ALWAYS_SEARCH_USER_PATHS = NO;
				CLANG_ANALYZER_NONNULL = YES;
				CLANG_CXX_LANGUAGE_STANDARD = "gnu++0x";
				CLANG_CXX_LIBRARY = "libc++";
				CLANG_ENABLE_MODULES = YES;
				CLANG_ENABLE_OBJC_ARC = YES;
				CLANG_WARN_BOOL_CONVERSION = YES;
				CLANG_WARN_CONSTANT_CONVERSION = YES;
				CLANG_WARN_DIRECT_OBJC_ISA_USAGE = YES_ERROR;
				CLANG_WARN_DOCUMENTATION_COMMENTS = YES;
				CLANG_WARN_EMPTY_BODY = YES;
				CLANG_WARN_ENUM_CONVERSION = YES;
				CLANG_WARN_INFINITE_RECURSION = YES;
				CLANG_WARN_INT_CONVERSION = YES;
				CLANG_WARN_OBJC_ROOT_CLASS = YES_ERROR;
				CLANG_WARN_SUSPICIOUS_MOVE = YES;
				CLANG_WARN_UNREACHABLE_CODE = YES;
				CLANG_WARN__DUPLICATE_METHOD_MATCH = YES;
				"CODE_SIGN_IDENTITY[sdk=iphoneos*]" = "iPhone Developer";
				COPY_PHASE_STRIP = NO;
				DEBUG_INFORMATION_FORMAT = "dwarf-with-dsym";
				ENABLE_NS_ASSERTIONS = NO;
				ENABLE_STRICT_OBJC_MSGSEND = YES;
				GCC_C_LANGUAGE_STANDARD = gnu99;
				GCC_NO_COMMON_BLOCKS = YES;
				GCC_WARN_64_TO_32_BIT_CONVERSION = YES;
				GCC_WARN_ABOUT_RETURN_TYPE = YES_ERROR;
				GCC_WARN_UNDECLARED_SELECTOR = YES;
				GCC_WARN_UNINITIALIZED_AUTOS = YES_AGGRESSIVE;
				GCC_WARN_UNUSED_FUNCTION = YES;
				GCC_WARN_UNUSED_VARIABLE = YES;
				IPHONEOS_DEPLOYMENT_TARGET = 10.2;
				MTL_ENABLE_DEBUG_INFO = NO;
				SDKROOT = iphoneos;
				SWIFT_OPTIMIZATION_LEVEL = "-Owholemodule";
				TARGETED_DEVICE_FAMILY = "1,2";
				VALIDATE_PRODUCT = YES;
			};
			name = Release;
		};
		641AC24B1EF1FFF600859BB4 /* Debug */ = {
			isa = XCBuildConfiguration;
			buildSettings = {
				ASSETCATALOG_COMPILER_APPICON_NAME = AppIcon;
				DEVELOPMENT_TEAM = 4JKMHZJJZP;
				INFOPLIST_FILE = EnglishSpellingForKids/Info.plist;
				IPHONEOS_DEPLOYMENT_TARGET = 10.0;
				LD_RUNPATH_SEARCH_PATHS = "$(inherited) @executable_path/Frameworks";
				PRODUCT_BUNDLE_IDENTIFIER = com.ppben.EnglishSpellingForKids;
				PRODUCT_NAME = "$(TARGET_NAME)";
				SWIFT_VERSION = 3.0;
				TARGETED_DEVICE_FAMILY = "1,2";
			};
			name = Debug;
		};
		641AC24C1EF1FFF600859BB4 /* Release */ = {
			isa = XCBuildConfiguration;
			buildSettings = {
				ASSETCATALOG_COMPILER_APPICON_NAME = AppIcon;
				DEVELOPMENT_TEAM = 4JKMHZJJZP;
				INFOPLIST_FILE = EnglishSpellingForKids/Info.plist;
				IPHONEOS_DEPLOYMENT_TARGET = 10.0;
				LD_RUNPATH_SEARCH_PATHS = "$(inherited) @executable_path/Frameworks";
				PRODUCT_BUNDLE_IDENTIFIER = com.ppben.EnglishSpellingForKids;
				PRODUCT_NAME = "$(TARGET_NAME)";
				SWIFT_VERSION = 3.0;
				TARGETED_DEVICE_FAMILY = "1,2";
			};
			name = Release;
		};
/* End XCBuildConfiguration section */

/* Begin XCConfigurationList section */
		641AC2301EF1FFF600859BB4 /* Build configuration list for PBXProject "EnglishSpellingForKids" */ = {
			isa = XCConfigurationList;
			buildConfigurations = (
				641AC2481EF1FFF600859BB4 /* Debug */,
				641AC2491EF1FFF600859BB4 /* Release */,
			);
			defaultConfigurationIsVisible = 0;
			defaultConfigurationName = Release;
		};
		641AC24A1EF1FFF600859BB4 /* Build configuration list for PBXNativeTarget "EnglishSpellingForKids" */ = {
			isa = XCConfigurationList;
			buildConfigurations = (
				641AC24B1EF1FFF600859BB4 /* Debug */,
				641AC24C1EF1FFF600859BB4 /* Release */,
			);
			defaultConfigurationIsVisible = 0;
			defaultConfigurationName = Release;
		};
/* End XCConfigurationList section */

/* Begin XCVersionGroup section */
		641AC23F1EF1FFF600859BB4 /* EnglishSpellingForKids.xcdatamodeld */ = {
			isa = XCVersionGroup;
			children = (
				641AC2401EF1FFF600859BB4 /* EnglishSpellingForKids.xcdatamodel */,
			);
			currentVersion = 641AC2401EF1FFF600859BB4 /* EnglishSpellingForKids.xcdatamodel */;
			path = EnglishSpellingForKids.xcdatamodeld;
			sourceTree = "<group>";
			versionGroupType = wrapper.xcdatamodel;
		};
/* End XCVersionGroup section */
	};
	rootObject = 641AC22D1EF1FFF600859BB4 /* Project object */;
}
